// !$*UTF8*$!
{
	archiveVersion = 1;
	classes = {
	};
	objectVersion = 56;
	objects = {

/* Begin PBXBuildFile section */
		EC996EC12AD84ED5002353AE /* Auth.swift in Sources */ = {isa = PBXBuildFile; fileRef = EC996EC02AD84ED5002353AE /* Auth.swift */; };
		EC996EC32AD85000002353AE /* Keychain.swift in Sources */ = {isa = PBXBuildFile; fileRef = EC996EC22AD85000002353AE /* Keychain.swift */; };
		EC996EC62AD89F18002353AE /* Credentials.swift in Sources */ = {isa = PBXBuildFile; fileRef = EC996EC52AD89F18002353AE /* Credentials.swift */; };
		EC996EC82AD990F2002353AE /* JamfBegin.swift in Sources */ = {isa = PBXBuildFile; fileRef = EC996EC72AD990F2002353AE /* JamfBegin.swift */; };
		EC996ECC2AD9955A002353AE /* JamfGetObject.swift in Sources */ = {isa = PBXBuildFile; fileRef = EC996ECB2AD9955A002353AE /* JamfGetObject.swift */; };
		EC996ECE2AD99B21002353AE /* CategoryEndpoint.swift in Sources */ = {isa = PBXBuildFile; fileRef = EC996ECD2AD99B21002353AE /* CategoryEndpoint.swift */; };
/* End PBXBuildFile section */

/* Begin PBXCopyFilesBuildPhase section */
		EC996EB42AD839AB002353AE /* CopyFiles */ = {
			isa = PBXCopyFilesBuildPhase;
			buildActionMask = 2147483647;
			dstPath = /usr/share/man/man1/;
			dstSubfolderSpec = 0;
			files = (
			);
			runOnlyForDeploymentPostprocessing = 1;
		};
/* End PBXCopyFilesBuildPhase section */

/* Begin PBXFileReference section */
		EC996EB62AD839AB002353AE /* jamf_begin */ = {isa = PBXFileReference; explicitFileType = "compiled.mach-o.executable"; includeInIndex = 0; path = jamf_begin; sourceTree = BUILT_PRODUCTS_DIR; };
		EC996EC02AD84ED5002353AE /* Auth.swift */ = {isa = PBXFileReference; lastKnownFileType = sourcecode.swift; path = Auth.swift; sourceTree = "<group>"; };
		EC996EC22AD85000002353AE /* Keychain.swift */ = {isa = PBXFileReference; lastKnownFileType = sourcecode.swift; path = Keychain.swift; sourceTree = "<group>"; };
		EC996EC52AD89F18002353AE /* Credentials.swift */ = {isa = PBXFileReference; lastKnownFileType = sourcecode.swift; path = Credentials.swift; sourceTree = "<group>"; };
		EC996EC72AD990F2002353AE /* JamfBegin.swift */ = {isa = PBXFileReference; lastKnownFileType = sourcecode.swift; path = JamfBegin.swift; sourceTree = "<group>"; };
		EC996ECB2AD9955A002353AE /* JamfGetObject.swift */ = {isa = PBXFileReference; lastKnownFileType = sourcecode.swift; path = JamfGetObject.swift; sourceTree = "<group>"; };
		EC996ECD2AD99B21002353AE /* CategoryEndpoint.swift */ = {isa = PBXFileReference; lastKnownFileType = sourcecode.swift; path = CategoryEndpoint.swift; sourceTree = "<group>"; };
/* End PBXFileReference section */

/* Begin PBXFrameworksBuildPhase section */
		EC996EB32AD839AB002353AE /* Frameworks */ = {
			isa = PBXFrameworksBuildPhase;
			buildActionMask = 2147483647;
			files = (
			);
			runOnlyForDeploymentPostprocessing = 0;
		};
/* End PBXFrameworksBuildPhase section */

/* Begin PBXGroup section */
		EC996EAD2AD839AB002353AE = {
			isa = PBXGroup;
			children = (
				EC996ECA2AD994CB002353AE /* Endpoints */,
				EC996EC42AD85120002353AE /* Models */,
				EC996EC92AD994BC002353AE /* Protocols */,
				EC996EB82AD839AB002353AE /* jamf_begin */,
				EC996EB72AD839AB002353AE /* Products */,
			);
			sourceTree = "<group>";
		};
		EC996EB72AD839AB002353AE /* Products */ = {
			isa = PBXGroup;
			children = (
				EC996EB62AD839AB002353AE /* jamf_begin */,
			);
			name = Products;
			sourceTree = "<group>";
		};
		EC996EB82AD839AB002353AE /* jamf_begin */ = {
			isa = PBXGroup;
			children = (
				EC996EC72AD990F2002353AE /* JamfBegin.swift */,
			);
			path = jamf_begin;
			sourceTree = "<group>";
		};
		EC996EC42AD85120002353AE /* Models */ = {
			isa = PBXGroup;
			children = (
				EC996EC02AD84ED5002353AE /* Auth.swift */,
				EC996EC52AD89F18002353AE /* Credentials.swift */,
				EC996EC22AD85000002353AE /* Keychain.swift */,
			);
			path = Models;
			sourceTree = "<group>";
		};
		EC996EC92AD994BC002353AE /* Protocols */ = {
			isa = PBXGroup;
			children = (
				EC996ECB2AD9955A002353AE /* JamfGetObject.swift */,
			);
			path = Protocols;
			sourceTree = "<group>";
		};
		EC996ECA2AD994CB002353AE /* Endpoints */ = {
			isa = PBXGroup;
			children = (
				EC996ECD2AD99B21002353AE /* CategoryEndpoint.swift */,
			);
			path = Endpoints;
			sourceTree = "<group>";
		};
/* End PBXGroup section */

/* Begin PBXNativeTarget section */
		EC996EB52AD839AB002353AE /* jamf_begin */ = {
			isa = PBXNativeTarget;
			buildConfigurationList = EC996EBD2AD839AB002353AE /* Build configuration list for PBXNativeTarget "jamf_begin" */;
			buildPhases = (
				EC996EB22AD839AB002353AE /* Sources */,
				EC996EB32AD839AB002353AE /* Frameworks */,
				EC996EB42AD839AB002353AE /* CopyFiles */,
			);
			buildRules = (
			);
			dependencies = (
			);
			name = jamf_begin;
			productName = JamfUtils;
			productReference = EC996EB62AD839AB002353AE /* jamf_begin */;
			productType = "com.apple.product-type.tool";
		};
/* End PBXNativeTarget section */

/* Begin PBXProject section */
		EC996EAE2AD839AB002353AE /* Project object */ = {
			isa = PBXProject;
			attributes = {
				BuildIndependentTargetsInParallel = 1;
				LastSwiftUpdateCheck = 1500;
				LastUpgradeCheck = 1500;
				TargetAttributes = {
					EC996EB52AD839AB002353AE = {
						CreatedOnToolsVersion = 15.0;
					};
				};
			};
			buildConfigurationList = EC996EB12AD839AB002353AE /* Build configuration list for PBXProject "jamf_begin" */;
			compatibilityVersion = "Xcode 14.0";
			developmentRegion = en;
			hasScannedForEncodings = 0;
			knownRegions = (
				en,
				Base,
			);
			mainGroup = EC996EAD2AD839AB002353AE;
			productRefGroup = EC996EB72AD839AB002353AE /* Products */;
			projectDirPath = "";
			projectRoot = "";
			targets = (
				EC996EB52AD839AB002353AE /* jamf_begin */,
			);
		};
/* End PBXProject section */

/* Begin PBXSourcesBuildPhase section */
		EC996EB22AD839AB002353AE /* Sources */ = {
			isa = PBXSourcesBuildPhase;
			buildActionMask = 2147483647;
			files = (
				EC996ECE2AD99B21002353AE /* CategoryEndpoint.swift in Sources */,
				EC996EC82AD990F2002353AE /* JamfBegin.swift in Sources */,
				EC996EC12AD84ED5002353AE /* Auth.swift in Sources */,
				EC996ECC2AD9955A002353AE /* JamfGetObject.swift in Sources */,
				EC996EC62AD89F18002353AE /* Credentials.swift in Sources */,
				EC996EC32AD85000002353AE /* Keychain.swift in Sources */,
			);
			runOnlyForDeploymentPostprocessing = 0;
		};
/* End PBXSourcesBuildPhase section */

/* Begin XCBuildConfiguration section */
		EC996EBB2AD839AB002353AE /* Debug */ = {
			isa = XCBuildConfiguration;
			buildSettings = {
				ALWAYS_SEARCH_USER_PATHS = NO;
				ASSETCATALOG_COMPILER_GENERATE_SWIFT_ASSET_SYMBOL_EXTENSIONS = YES;
				CLANG_ANALYZER_NONNULL = YES;
				CLANG_ANALYZER_NUMBER_OBJECT_CONVERSION = YES_AGGRESSIVE;
				CLANG_CXX_LANGUAGE_STANDARD = "gnu++20";
				CLANG_ENABLE_MODULES = YES;
				CLANG_ENABLE_OBJC_ARC = YES;
				CLANG_ENABLE_OBJC_WEAK = YES;
				CLANG_WARN_BLOCK_CAPTURE_AUTORELEASING = YES;
				CLANG_WARN_BOOL_CONVERSION = YES;
				CLANG_WARN_COMMA = YES;
				CLANG_WARN_CONSTANT_CONVERSION = YES;
				CLANG_WARN_DEPRECATED_OBJC_IMPLEMENTATIONS = YES;
				CLANG_WARN_DIRECT_OBJC_ISA_USAGE = YES_ERROR;
				CLANG_WARN_DOCUMENTATION_COMMENTS = YES;
				CLANG_WARN_EMPTY_BODY = YES;
				CLANG_WARN_ENUM_CONVERSION = YES;
				CLANG_WARN_INFINITE_RECURSION = YES;
				CLANG_WARN_INT_CONVERSION = YES;
				CLANG_WARN_NON_LITERAL_NULL_CONVERSION = YES;
				CLANG_WARN_OBJC_IMPLICIT_RETAIN_SELF = YES;
				CLANG_WARN_OBJC_LITERAL_CONVERSION = YES;
				CLANG_WARN_OBJC_ROOT_CLASS = YES_ERROR;
				CLANG_WARN_QUOTED_INCLUDE_IN_FRAMEWORK_HEADER = YES;
				CLANG_WARN_RANGE_LOOP_ANALYSIS = YES;
				CLANG_WARN_STRICT_PROTOTYPES = YES;
				CLANG_WARN_SUSPICIOUS_MOVE = YES;
				CLANG_WARN_UNGUARDED_AVAILABILITY = YES_AGGRESSIVE;
				CLANG_WARN_UNREACHABLE_CODE = YES;
				CLANG_WARN__DUPLICATE_METHOD_MATCH = YES;
				COPY_PHASE_STRIP = NO;
				DEBUG_INFORMATION_FORMAT = dwarf;
				ENABLE_STRICT_OBJC_MSGSEND = YES;
				ENABLE_TESTABILITY = YES;
				ENABLE_USER_SCRIPT_SANDBOXING = YES;
				GCC_C_LANGUAGE_STANDARD = gnu17;
				GCC_DYNAMIC_NO_PIC = NO;
				GCC_NO_COMMON_BLOCKS = YES;
				GCC_OPTIMIZATION_LEVEL = 0;
				GCC_PREPROCESSOR_DEFINITIONS = (
					"DEBUG=1",
					"$(inherited)",
				);
				GCC_WARN_64_TO_32_BIT_CONVERSION = YES;
				GCC_WARN_ABOUT_RETURN_TYPE = YES_ERROR;
				GCC_WARN_UNDECLARED_SELECTOR = YES;
				GCC_WARN_UNINITIALIZED_AUTOS = YES_AGGRESSIVE;
				GCC_WARN_UNUSED_FUNCTION = YES;
				GCC_WARN_UNUSED_VARIABLE = YES;
				LOCALIZATION_PREFERS_STRING_CATALOGS = YES;
				MACOSX_DEPLOYMENT_TARGET = 14.0;
				MTL_ENABLE_DEBUG_INFO = INCLUDE_SOURCE;
				MTL_FAST_MATH = YES;
				ONLY_ACTIVE_ARCH = YES;
				SDKROOT = macosx;
				SWIFT_ACTIVE_COMPILATION_CONDITIONS = "DEBUG $(inherited)";
				SWIFT_OPTIMIZATION_LEVEL = "-Onone";
			};
			name = Debug;
		};
		EC996EBC2AD839AB002353AE /* Release */ = {
			isa = XCBuildConfiguration;
			buildSettings = {
				ALWAYS_SEARCH_USER_PATHS = NO;
				ASSETCATALOG_COMPILER_GENERATE_SWIFT_ASSET_SYMBOL_EXTENSIONS = YES;
				CLANG_ANALYZER_NONNULL = YES;
				CLANG_ANALYZER_NUMBER_OBJECT_CONVERSION = YES_AGGRESSIVE;
				CLANG_CXX_LANGUAGE_STANDARD = "gnu++20";
				CLANG_ENABLE_MODULES = YES;
				CLANG_ENABLE_OBJC_ARC = YES;
				CLANG_ENABLE_OBJC_WEAK = YES;
				CLANG_WARN_BLOCK_CAPTURE_AUTORELEASING = YES;
				CLANG_WARN_BOOL_CONVERSION = YES;
				CLANG_WARN_COMMA = YES;
				CLANG_WARN_CONSTANT_CONVERSION = YES;
				CLANG_WARN_DEPRECATED_OBJC_IMPLEMENTATIONS = YES;
				CLANG_WARN_DIRECT_OBJC_ISA_USAGE = YES_ERROR;
				CLANG_WARN_DOCUMENTATION_COMMENTS = YES;
				CLANG_WARN_EMPTY_BODY = YES;
				CLANG_WARN_ENUM_CONVERSION = YES;
				CLANG_WARN_INFINITE_RECURSION = YES;
				CLANG_WARN_INT_CONVERSION = YES;
				CLANG_WARN_NON_LITERAL_NULL_CONVERSION = YES;
				CLANG_WARN_OBJC_IMPLICIT_RETAIN_SELF = YES;
				CLANG_WARN_OBJC_LITERAL_CONVERSION = YES;
				CLANG_WARN_OBJC_ROOT_CLASS = YES_ERROR;
				CLANG_WARN_QUOTED_INCLUDE_IN_FRAMEWORK_HEADER = YES;
				CLANG_WARN_RANGE_LOOP_ANALYSIS = YES;
				CLANG_WARN_STRICT_PROTOTYPES = YES;
				CLANG_WARN_SUSPICIOUS_MOVE = YES;
				CLANG_WARN_UNGUARDED_AVAILABILITY = YES_AGGRESSIVE;
				CLANG_WARN_UNREACHABLE_CODE = YES;
				CLANG_WARN__DUPLICATE_METHOD_MATCH = YES;
				COPY_PHASE_STRIP = NO;
				DEBUG_INFORMATION_FORMAT = "dwarf-with-dsym";
				ENABLE_NS_ASSERTIONS = NO;
				ENABLE_STRICT_OBJC_MSGSEND = YES;
				ENABLE_USER_SCRIPT_SANDBOXING = YES;
				GCC_C_LANGUAGE_STANDARD = gnu17;
				GCC_NO_COMMON_BLOCKS = YES;
				GCC_WARN_64_TO_32_BIT_CONVERSION = YES;
				GCC_WARN_ABOUT_RETURN_TYPE = YES_ERROR;
				GCC_WARN_UNDECLARED_SELECTOR = YES;
				GCC_WARN_UNINITIALIZED_AUTOS = YES_AGGRESSIVE;
				GCC_WARN_UNUSED_FUNCTION = YES;
				GCC_WARN_UNUSED_VARIABLE = YES;
				LOCALIZATION_PREFERS_STRING_CATALOGS = YES;
				MACOSX_DEPLOYMENT_TARGET = 14.0;
				MTL_ENABLE_DEBUG_INFO = NO;
				MTL_FAST_MATH = YES;
				SDKROOT = macosx;
				SWIFT_COMPILATION_MODE = wholemodule;
			};
			name = Release;
		};
		EC996EBE2AD839AB002353AE /* Debug */ = {
			isa = XCBuildConfiguration;
			buildSettings = {
				CODE_SIGN_STYLE = Automatic;
				DEVELOPMENT_TEAM = 3T52TG5K2X;
				ENABLE_HARDENED_RUNTIME = YES;
				PRODUCT_NAME = "$(TARGET_NAME)";
				SWIFT_VERSION = 5.0;
			};
			name = Debug;
		};
		EC996EBF2AD839AB002353AE /* Release */ = {
			isa = XCBuildConfiguration;
			buildSettings = {
				CODE_SIGN_STYLE = Automatic;
				DEVELOPMENT_TEAM = 3T52TG5K2X;
				ENABLE_HARDENED_RUNTIME = YES;
				PRODUCT_NAME = "$(TARGET_NAME)";
				SWIFT_VERSION = 5.0;
			};
			name = Release;
		};
/* End XCBuildConfiguration section */

/* Begin XCConfigurationList section */
		EC996EB12AD839AB002353AE /* Build configuration list for PBXProject "jamf_begin" */ = {
			isa = XCConfigurationList;
			buildConfigurations = (
				EC996EBB2AD839AB002353AE /* Debug */,
				EC996EBC2AD839AB002353AE /* Release */,
			);
			defaultConfigurationIsVisible = 0;
			defaultConfigurationName = Release;
		};
		EC996EBD2AD839AB002353AE /* Build configuration list for PBXNativeTarget "jamf_begin" */ = {
			isa = XCConfigurationList;
			buildConfigurations = (
				EC996EBE2AD839AB002353AE /* Debug */,
				EC996EBF2AD839AB002353AE /* Release */,
			);
			defaultConfigurationIsVisible = 0;
			defaultConfigurationName = Release;
		};
/* End XCConfigurationList section */
	};
	rootObject = EC996EAE2AD839AB002353AE /* Project object */;
}
